
Microsoft Visual Studio Solution File, Format Version 12.00
# Visual Studio Version 17
VisualStudioVersion = 17.4.33110.190
MinimumVisualStudioVersion = 10.0.40219.1
Project("{FAE04EC0-301F-11D3-BF4B-00C04F79EFBC}") = "PetNameGenerator", "PetNameGenerator\PetNameGenerator.csproj", "{CA1A3144-7386-434C-B0E6-E696A38D0BCE}"
EndProject
Global
	GlobalSection(SolutionConfigurationPlatforms) = preSolution
		Debug|Any CPU = Debug|Any CPU
		Release|Any CPU = Release|Any CPU
	EndGlobalSection
	GlobalSection(ProjectConfigurationPlatforms) = postSolution
		{CA1A3144-7386-434C-B0E6-E696A38D0BCE}.Debug|Any CPU.ActiveCfg = Debug|Any CPU
		{CA1A3144-7386-434C-B0E6-E696A38D0BCE}.Debug|Any CPU.Build.0 = Debug|Any CPU
		{CA1A3144-7386-434C-B0E6-E696A38D0BCE}.Release|Any CPU.ActiveCfg = Release|Any CPU
		{CA1A3144-7386-434C-B0E6-E696A38D0BCE}.Release|Any CPU.Build.0 = Release|Any CPU
	EndGlobalSection
	GlobalSection(SolutionProperties) = preSolution
		HideSolutionNode = FALSE
	EndGlobalSection
	GlobalSection(ExtensibilityGlobals) = postSolution
		SolutionGuid = {F9B0E4FF-A203-44A8-9175-ACFA6FCC3A17}
	EndGlobalSection
EndGlobal
